// !$*UTF8*$!
{
	archiveVersion = 1;
	classes = {
	};
	objectVersion = 50;
	objects = {

/* Begin PBXBuildFile section */
		D418843424AC433F00BE7A03 /* AppDelegate.swift in Sources */ = {isa = PBXBuildFile; fileRef = D418843324AC433F00BE7A03 /* AppDelegate.swift */; };
		D418843624AC433F00BE7A03 /* SceneDelegate.swift in Sources */ = {isa = PBXBuildFile; fileRef = D418843524AC433F00BE7A03 /* SceneDelegate.swift */; };
		D418843824AC433F00BE7A03 /* ViewController.swift in Sources */ = {isa = PBXBuildFile; fileRef = D418843724AC433F00BE7A03 /* ViewController.swift */; };
		D418843B24AC433F00BE7A03 /* Main.storyboard in Resources */ = {isa = PBXBuildFile; fileRef = D418843924AC433F00BE7A03 /* Main.storyboard */; };
		D418843E24AC433F00BE7A03 /* Lesson13HW1.xcdatamodeld in Sources */ = {isa = PBXBuildFile; fileRef = D418843C24AC433F00BE7A03 /* Lesson13HW1.xcdatamodeld */; };
		D418844024AC434000BE7A03 /* Assets.xcassets in Resources */ = {isa = PBXBuildFile; fileRef = D418843F24AC434000BE7A03 /* Assets.xcassets */; };
		D418844324AC434000BE7A03 /* LaunchScreen.storyboard in Resources */ = {isa = PBXBuildFile; fileRef = D418844124AC434000BE7A03 /* LaunchScreen.storyboard */; };
/* End PBXBuildFile section */

/* Begin PBXFileReference section */
		D418843024AC433F00BE7A03 /* Lesson13HW1.app */ = {isa = PBXFileReference; explicitFileType = wrapper.application; includeInIndex = 0; path = Lesson13HW1.app; sourceTree = BUILT_PRODUCTS_DIR; };
		D418843324AC433F00BE7A03 /* AppDelegate.swift */ = {isa = PBXFileReference; lastKnownFileType = sourcecode.swift; path = AppDelegate.swift; sourceTree = "<group>"; };
		D418843524AC433F00BE7A03 /* SceneDelegate.swift */ = {isa = PBXFileReference; lastKnownFileType = sourcecode.swift; path = SceneDelegate.swift; sourceTree = "<group>"; };
		D418843724AC433F00BE7A03 /* ViewController.swift */ = {isa = PBXFileReference; lastKnownFileType = sourcecode.swift; path = ViewController.swift; sourceTree = "<group>"; };
		D418843A24AC433F00BE7A03 /* Base */ = {isa = PBXFileReference; lastKnownFileType = file.storyboard; name = Base; path = Base.lproj/Main.storyboard; sourceTree = "<group>"; };
		D418843D24AC433F00BE7A03 /* Lesson13HW1.xcdatamodel */ = {isa = PBXFileReference; lastKnownFileType = wrapper.xcdatamodel; path = Lesson13HW1.xcdatamodel; sourceTree = "<group>"; };
		D418843F24AC434000BE7A03 /* Assets.xcassets */ = {isa = PBXFileReference; lastKnownFileType = folder.assetcatalog; path = Assets.xcassets; sourceTree = "<group>"; };
		D418844224AC434000BE7A03 /* Base */ = {isa = PBXFileReference; lastKnownFileType = file.storyboard; name = Base; path = Base.lproj/LaunchScreen.storyboard; sourceTree = "<group>"; };
		D418844424AC434000BE7A03 /* Info.plist */ = {isa = PBXFileReference; lastKnownFileType = text.plist.xml; path = Info.plist; sourceTree = "<group>"; };
/* End PBXFileReference section */

/* Begin PBXFrameworksBuildPhase section */
		D418842D24AC433F00BE7A03 /* Frameworks */ = {
			isa = PBXFrameworksBuildPhase;
			buildActionMask = 2147483647;
			files = (
			);
			runOnlyForDeploymentPostprocessing = 0;
		};
/* End PBXFrameworksBuildPhase section */

/* Begin PBXGroup section */
		D418842724AC433F00BE7A03 = {
			isa = PBXGroup;
			children = (
				D418843224AC433F00BE7A03 /* Lesson13HW1 */,
				D418843124AC433F00BE7A03 /* Products */,
			);
			sourceTree = "<group>";
		};
		D418843124AC433F00BE7A03 /* Products */ = {
			isa = PBXGroup;
			children = (
				D418843024AC433F00BE7A03 /* Lesson13HW1.app */,
			);
			name = Products;
			sourceTree = "<group>";
		};
		D418843224AC433F00BE7A03 /* Lesson13HW1 */ = {
			isa = PBXGroup;
			children = (
				D418843324AC433F00BE7A03 /* AppDelegate.swift */,
				D418843524AC433F00BE7A03 /* SceneDelegate.swift */,
				D418843724AC433F00BE7A03 /* ViewController.swift */,
				D418843924AC433F00BE7A03 /* Main.storyboard */,
				D418843F24AC434000BE7A03 /* Assets.xcassets */,
				D418844124AC434000BE7A03 /* LaunchScreen.storyboard */,
				D418844424AC434000BE7A03 /* Info.plist */,
				D418843C24AC433F00BE7A03 /* Lesson13HW1.xcdatamodeld */,
			);
			path = Lesson13HW1;
			sourceTree = "<group>";
		};
/* End PBXGroup section */

/* Begin PBXNativeTarget section */
		D418842F24AC433F00BE7A03 /* Lesson13HW1 */ = {
			isa = PBXNativeTarget;
			buildConfigurationList = D418844724AC434000BE7A03 /* Build configuration list for PBXNativeTarget "Lesson13HW1" */;
			buildPhases = (
				D418842C24AC433F00BE7A03 /* Sources */,
				D418842D24AC433F00BE7A03 /* Frameworks */,
				D418842E24AC433F00BE7A03 /* Resources */,
			);
			buildRules = (
			);
			dependencies = (
			);
			name = Lesson13HW1;
			productName = Lesson13HW1;
			productReference = D418843024AC433F00BE7A03 /* Lesson13HW1.app */;
			productType = "com.apple.product-type.application";
		};
/* End PBXNativeTarget section */

/* Begin PBXProject section */
		D418842824AC433F00BE7A03 /* Project object */ = {
			isa = PBXProject;
			attributes = {
				LastSwiftUpdateCheck = 1150;
				LastUpgradeCheck = 1150;
				ORGANIZATIONNAME = Vladimir;
				TargetAttributes = {
					D418842F24AC433F00BE7A03 = {
						CreatedOnToolsVersion = 11.5;
					};
				};
			};
			buildConfigurationList = D418842B24AC433F00BE7A03 /* Build configuration list for PBXProject "Lesson13HW1" */;
			compatibilityVersion = "Xcode 9.3";
			developmentRegion = en;
			hasScannedForEncodings = 0;
			knownRegions = (
				en,
				Base,
			);
			mainGroup = D418842724AC433F00BE7A03;
			productRefGroup = D418843124AC433F00BE7A03 /* Products */;
			projectDirPath = "";
			projectRoot = "";
			targets = (
				D418842F24AC433F00BE7A03 /* Lesson13HW1 */,
			);
		};
/* End PBXProject section */

/* Begin PBXResourcesBuildPhase section */
		D418842E24AC433F00BE7A03 /* Resources */ = {
			isa = PBXResourcesBuildPhase;
			buildActionMask = 2147483647;
			files = (
				D418844324AC434000BE7A03 /* LaunchScreen.storyboard in Resources */,
				D418844024AC434000BE7A03 /* Assets.xcassets in Resources */,
				D418843B24AC433F00BE7A03 /* Main.storyboard in Resources */,
			);
			runOnlyForDeploymentPostprocessing = 0;
		};
/* End PBXResourcesBuildPhase section */

/* Begin PBXSourcesBuildPhase section */
		D418842C24AC433F00BE7A03 /* Sources */ = {
			isa = PBXSourcesBuildPhase;
			buildActionMask = 2147483647;
			files = (
				D418843E24AC433F00BE7A03 /* Lesson13HW1.xcdatamodeld in Sources */,
				D418843824AC433F00BE7A03 /* ViewController.swift in Sources */,
				D418843424AC433F00BE7A03 /* AppDelegate.swift in Sources */,
				D418843624AC433F00BE7A03 /* SceneDelegate.swift in Sources */,
			);
			runOnlyForDeploymentPostprocessing = 0;
		};
/* End PBXSourcesBuildPhase section */

/* Begin PBXVariantGroup section */
		D418843924AC433F00BE7A03 /* Main.storyboard */ = {
			isa = PBXVariantGroup;
			children = (
				D418843A24AC433F00BE7A03 /* Base */,
			);
			name = Main.storyboard;
			sourceTree = "<group>";
		};
		D418844124AC434000BE7A03 /* LaunchScreen.storyboard */ = {
			isa = PBXVariantGroup;
			children = (
				D418844224AC434000BE7A03 /* Base */,
			);
			name = LaunchScreen.storyboard;
			sourceTree = "<group>";
		};
/* End PBXVariantGroup section */

/* Begin XCBuildConfiguration section */
		D418844524AC434000BE7A03 /* Debug */ = {
			isa = XCBuildConfiguration;
			buildSettings = {
				ALWAYS_SEARCH_USER_PATHS = NO;
				CLANG_ANALYZER_NONNULL = YES;
				CLANG_ANALYZER_NUMBER_OBJECT_CONVERSION = YES_AGGRESSIVE;
				CLANG_CXX_LANGUAGE_STANDARD = "gnu++14";
				CLANG_CXX_LIBRARY = "libc++";
				CLANG_ENABLE_MODULES = YES;
				CLANG_ENABLE_OBJC_ARC = YES;
				CLANG_ENABLE_OBJC_WEAK = YES;
				CLANG_WARN_BLOCK_CAPTURE_AUTORELEASING = YES;
				CLANG_WARN_BOOL_CONVERSION = YES;
				CLANG_WARN_COMMA = YES;
				CLANG_WARN_CONSTANT_CONVERSION = YES;
				CLANG_WARN_DEPRECATED_OBJC_IMPLEMENTATIONS = YES;
				CLANG_WARN_DIRECT_OBJC_ISA_USAGE = YES_ERROR;
				CLANG_WARN_DOCUMENTATION_COMMENTS = YES;
				CLANG_WARN_EMPTY_BODY = YES;
				CLANG_WARN_ENUM_CONVERSION = YES;
				CLANG_WARN_INFINITE_RECURSION = YES;
				CLANG_WARN_INT_CONVERSION = YES;
				CLANG_WARN_NON_LITERAL_NULL_CONVERSION = YES;
				CLANG_WARN_OBJC_IMPLICIT_RETAIN_SELF = YES;
				CLANG_WARN_OBJC_LITERAL_CONVERSION = YES;
				CLANG_WARN_OBJC_ROOT_CLASS = YES_ERROR;
				CLANG_WARN_RANGE_LOOP_ANALYSIS = YES;
				CLANG_WARN_STRICT_PROTOTYPES = YES;
				CLANG_WARN_SUSPICIOUS_MOVE = YES;
				CLANG_WARN_UNGUARDED_AVAILABILITY = YES_AGGRESSIVE;
				CLANG_WARN_UNREACHABLE_CODE = YES;
				CLANG_WARN__DUPLICATE_METHOD_MATCH = YES;
				COPY_PHASE_STRIP = NO;
				DEBUG_INFORMATION_FORMAT = dwarf;
				ENABLE_STRICT_OBJC_MSGSEND = YES;
				ENABLE_TESTABILITY = YES;
				GCC_C_LANGUAGE_STANDARD = gnu11;
				GCC_DYNAMIC_NO_PIC = NO;
				GCC_NO_COMMON_BLOCKS = YES;
				GCC_OPTIMIZATION_LEVEL = 0;
				GCC_PREPROCESSOR_DEFINITIONS = (
					"DEBUG=1",
					"$(inherited)",
				);
				GCC_WARN_64_TO_32_BIT_CONVERSION = YES;
				GCC_WARN_ABOUT_RETURN_TYPE = YES_ERROR;
				GCC_WARN_UNDECLARED_SELECTOR = YES;
				GCC_WARN_UNINITIALIZED_AUTOS = YES_AGGRESSIVE;
				GCC_WARN_UNUSED_FUNCTION = YES;
				GCC_WARN_UNUSED_VARIABLE = YES;
				IPHONEOS_DEPLOYMENT_TARGET = 13.5;
				MTL_ENABLE_DEBUG_INFO = INCLUDE_SOURCE;
				MTL_FAST_MATH = YES;
				ONLY_ACTIVE_ARCH = YES;
				SDKROOT = iphoneos;
				SWIFT_ACTIVE_COMPILATION_CONDITIONS = DEBUG;
				SWIFT_OPTIMIZATION_LEVEL = "-Onone";
			};
			name = Debug;
		};
		D418844624AC434000BE7A03 /* Release */ = {
			isa = XCBuildConfiguration;
			buildSettings = {
				ALWAYS_SEARCH_USER_PATHS = NO;
				CLANG_ANALYZER_NONNULL = YES;
				CLANG_ANALYZER_NUMBER_OBJECT_CONVERSION = YES_AGGRESSIVE;
				CLANG_CXX_LANGUAGE_STANDARD = "gnu++14";
				CLANG_CXX_LIBRARY = "libc++";
				CLANG_ENABLE_MODULES = YES;
				CLANG_ENABLE_OBJC_ARC = YES;
				CLANG_ENABLE_OBJC_WEAK = YES;
				CLANG_WARN_BLOCK_CAPTURE_AUTORELEASING = YES;
				CLANG_WARN_BOOL_CONVERSION = YES;
				CLANG_WARN_COMMA = YES;
				CLANG_WARN_CONSTANT_CONVERSION = YES;
				CLANG_WARN_DEPRECATED_OBJC_IMPLEMENTATIONS = YES;
				CLANG_WARN_DIRECT_OBJC_ISA_USAGE = YES_ERROR;
				CLANG_WARN_DOCUMENTATION_COMMENTS = YES;
				CLANG_WARN_EMPTY_BODY = YES;
				CLANG_WARN_ENUM_CONVERSION = YES;
				CLANG_WARN_INFINITE_RECURSION = YES;
				CLANG_WARN_INT_CONVERSION = YES;
				CLANG_WARN_NON_LITERAL_NULL_CONVERSION = YES;
				CLANG_WARN_OBJC_IMPLICIT_RETAIN_SELF = YES;
				CLANG_WARN_OBJC_LITERAL_CONVERSION = YES;
				CLANG_WARN_OBJC_ROOT_CLASS = YES_ERROR;
				CLANG_WARN_RANGE_LOOP_ANALYSIS = YES;
				CLANG_WARN_STRICT_PROTOTYPES = YES;
				CLANG_WARN_SUSPICIOUS_MOVE = YES;
				CLANG_WARN_UNGUARDED_AVAILABILITY = YES_AGGRESSIVE;
				CLANG_WARN_UNREACHABLE_CODE = YES;
				CLANG_WARN__DUPLICATE_METHOD_MATCH = YES;
				COPY_PHASE_STRIP = NO;
				DEBUG_INFORMATION_FORMAT = "dwarf-with-dsym";
				ENABLE_NS_ASSERTIONS = NO;
				ENABLE_STRICT_OBJC_MSGSEND = YES;
				GCC_C_LANGUAGE_STANDARD = gnu11;
				GCC_NO_COMMON_BLOCKS = YES;
				GCC_WARN_64_TO_32_BIT_CONVERSION = YES;
				GCC_WARN_ABOUT_RETURN_TYPE = YES_ERROR;
				GCC_WARN_UNDECLARED_SELECTOR = YES;
				GCC_WARN_UNINITIALIZED_AUTOS = YES_AGGRESSIVE;
				GCC_WARN_UNUSED_FUNCTION = YES;
				GCC_WARN_UNUSED_VARIABLE = YES;
				IPHONEOS_DEPLOYMENT_TARGET = 13.5;
				MTL_ENABLE_DEBUG_INFO = NO;
				MTL_FAST_MATH = YES;
				SDKROOT = iphoneos;
				SWIFT_COMPILATION_MODE = wholemodule;
				SWIFT_OPTIMIZATION_LEVEL = "-O";
				VALIDATE_PRODUCT = YES;
			};
			name = Release;
		};
		D418844824AC434000BE7A03 /* Debug */ = {
			isa = XCBuildConfiguration;
			buildSettings = {
				ASSETCATALOG_COMPILER_APPICON_NAME = AppIcon;
				CODE_SIGN_STYLE = Automatic;
				DEVELOPMENT_TEAM = 883VHW277J;
				INFOPLIST_FILE = Lesson13HW1/Info.plist;
				LD_RUNPATH_SEARCH_PATHS = (
					"$(inherited)",
					"@executable_path/Frameworks",
				);
				PRODUCT_BUNDLE_IDENTIFIER = ru.swiftbookwebinars214va.Lesson13HW1;
				PRODUCT_NAME = "$(TARGET_NAME)";
				SWIFT_VERSION = 5.0;
				TARGETED_DEVICE_FAMILY = "1,2";
			};
			name = Debug;
		};
		D418844924AC434000BE7A03 /* Release */ = {
			isa = XCBuildConfiguration;
			buildSettings = {
				ASSETCATALOG_COMPILER_APPICON_NAME = AppIcon;
				CODE_SIGN_STYLE = Automatic;
				DEVELOPMENT_TEAM = 883VHW277J;
				INFOPLIST_FILE = Lesson13HW1/Info.plist;
				LD_RUNPATH_SEARCH_PATHS = (
					"$(inherited)",
					"@executable_path/Frameworks",
				);
				PRODUCT_BUNDLE_IDENTIFIER = ru.swiftbookwebinars214va.Lesson13HW1;
				PRODUCT_NAME = "$(TARGET_NAME)";
				SWIFT_VERSION = 5.0;
				TARGETED_DEVICE_FAMILY = "1,2";
			};
			name = Release;
		};
/* End XCBuildConfiguration section */

/* Begin XCConfigurationList section */
		D418842B24AC433F00BE7A03 /* Build configuration list for PBXProject "Lesson13HW1" */ = {
			isa = XCConfigurationList;
			buildConfigurations = (
				D418844524AC434000BE7A03 /* Debug */,
				D418844624AC434000BE7A03 /* Release */,
			);
			defaultConfigurationIsVisible = 0;
			defaultConfigurationName = Release;
		};
		D418844724AC434000BE7A03 /* Build configuration list for PBXNativeTarget "Lesson13HW1" */ = {
			isa = XCConfigurationList;
			buildConfigurations = (
				D418844824AC434000BE7A03 /* Debug */,
				D418844924AC434000BE7A03 /* Release */,
			);
			defaultConfigurationIsVisible = 0;
			defaultConfigurationName = Release;
		};
/* End XCConfigurationList section */

/* Begin XCVersionGroup section */
		D418843C24AC433F00BE7A03 /* Lesson13HW1.xcdatamodeld */ = {
			isa = XCVersionGroup;
			children = (
				D418843D24AC433F00BE7A03 /* Lesson13HW1.xcdatamodel */,
			);
			currentVersion = D418843D24AC433F00BE7A03 /* Lesson13HW1.xcdatamodel */;
			path = Lesson13HW1.xcdatamodeld;
			sourceTree = "<group>";
			versionGroupType = wrapper.xcdatamodel;
		};
/* End XCVersionGroup section */
	};
	rootObject = D418842824AC433F00BE7A03 /* Project object */;
}
